
Microsoft Visual Studio Solution File, Format Version 12.00
# Visual Studio Version 17
VisualStudioVersion = 17.3.32922.545
MinimumVisualStudioVersion = 10.0.40219.1
Project("{FAE04EC0-301F-11D3-BF4B-00C04F79EFBC}") = "MonterHunter", "MonterHunter\MonterHunter.csproj", "{AD106418-CC43-4F7F-96C3-FF4C3B855224}"
EndProject
Global
	GlobalSection(SolutionConfigurationPlatforms) = preSolution
		Debug|Any CPU = Debug|Any CPU
		Release|Any CPU = Release|Any CPU
	EndGlobalSection
	GlobalSection(ProjectConfigurationPlatforms) = postSolution
		{AD106418-CC43-4F7F-96C3-FF4C3B855224}.Debug|Any CPU.ActiveCfg = Debug|Any CPU
		{AD106418-CC43-4F7F-96C3-FF4C3B855224}.Debug|Any CPU.Build.0 = Debug|Any CPU
		{AD106418-CC43-4F7F-96C3-FF4C3B855224}.Release|Any CPU.ActiveCfg = Release|Any CPU
		{AD106418-CC43-4F7F-96C3-FF4C3B855224}.Release|Any CPU.Build.0 = Release|Any CPU
	EndGlobalSection
	GlobalSection(SolutionProperties) = preSolution
		HideSolutionNode = FALSE
	EndGlobalSection
	GlobalSection(ExtensibilityGlobals) = postSolution
		SolutionGuid = {61724BA6-27AD-4C7A-9244-486AA8A4C437}
	EndGlobalSection
EndGlobal
